
Microsoft Visual Studio Solution File, Format Version 12.00
# Visual Studio Version 17
VisualStudioVersion = 17.4.33213.308
MinimumVisualStudioVersion = 10.0.40219.1
Project("{FAE04EC0-301F-11D3-BF4B-00C04F79EFBC}") = "temp", "temp\temp.csproj", "{249E7458-47A4-4646-B9F0-506EB4911FF2}"
EndProject
Global
	GlobalSection(SolutionConfigurationPlatforms) = preSolution
		Debug|Any CPU = Debug|Any CPU
		Release|Any CPU = Release|Any CPU
	EndGlobalSection
	GlobalSection(ProjectConfigurationPlatforms) = postSolution
		{249E7458-47A4-4646-B9F0-506EB4911FF2}.Debug|Any CPU.ActiveCfg = Debug|Any CPU
		{249E7458-47A4-4646-B9F0-506EB4911FF2}.Debug|Any CPU.Build.0 = Debug|Any CPU
		{249E7458-47A4-4646-B9F0-506EB4911FF2}.Release|Any CPU.ActiveCfg = Release|Any CPU
		{249E7458-47A4-4646-B9F0-506EB4911FF2}.Release|Any CPU.Build.0 = Release|Any CPU
	EndGlobalSection
	GlobalSection(SolutionProperties) = preSolution
		HideSolutionNode = FALSE
	EndGlobalSection
	GlobalSection(ExtensibilityGlobals) = postSolution
		SolutionGuid = {798589F3-BADB-404A-AF95-76B61FA122E2}
	EndGlobalSection
EndGlobal
